{
  "version": 2,
  "dependencies": {
    "net10.0": {
      "BouncyCastle.Cryptography": {
        "type": "Transitive",
        "resolved": "2.7.0",
        "contentHash": "U+12df8UEWHgBi04YVf/Lgi2dy3SItlIYvHjjEVa/BngCQIzDCDRBk50DDByCfDvSbe5pRNFr3b7UrVK2kMcLw=="
      },
      "Microsoft.Extensions.DependencyInjection.Abstractions": {
        "type": "Transitive",
        "resolved": "8.0.2",
        "contentHash": "3iE7UF7MQkCv1cxzCahz+Y/guQbTqieyxyaWKhrRO91itI9cOKO76OHeQDahqG4MmW5umr3CcCvGmK92lWNlbg=="
      },
      "Microsoft.Extensions.Logging.Abstractions": {
        "type": "Transitive",
        "resolved": "8.0.2",
        "contentHash": "nroMDjS7hNBPtkZqVBbSiQaQjWRDxITI8Y7XnDs97rqG3EbzVTNLZQf7bIeUJcaHOV8bca47s1Uxq94+2oGdxA==",
        "dependencies": {
          "Microsoft.Extensions.DependencyInjection.Abstractions": "8.0.2"
        }
      },
      "MimeKit": {
        "type": "Transitive",
        "resolved": "4.18.1",
        "contentHash": "D8AfFVMFVJldWmhQWCziC9nWUN/zayFFBAKpyjVyCeh0tqBiI9jtUVuMrKgWw1EGnCp09msDZldbRvp2jfUehQ==",
        "dependencies": {
          "BouncyCastle.Cryptography": "2.7.0",
          "System.Security.Cryptography.Pkcs": "10.0.0"
        }
      },
      "System.Security.Cryptography.Pkcs": {
        "type": "Transitive",
        "resolved": "10.0.0",
        "contentHash": "UPWqLSygJlFerRi9XNIuM0a1VC8gHUIufyP24xQ0sc+XimqUAEcjpOz9DhKpyDjH+5B/wO3RpC0KpkEeDj/ddg=="
      },
      "treinos.application": {
        "type": "Project",
        "dependencies": {
          "Treinos.Domain": "[1.0.0, )"
        }
      },
      "treinos.domain": {
        "type": "Project"
      },
      "treinos.infrastructure": {
        "type": "Project",
        "dependencies": {
          "Dapper": "[2.1.89, )",
          "MailKit": "[4.18.1, )",
          "MySqlConnector": "[2.6.2, )",
          "Treinos.Application": "[1.0.0, )",
          "Treinos.Domain": "[1.0.0, )"
        }
      },
      "Dapper": {
        "type": "CentralTransitive",
        "requested": "[2.1.89, )",
        "resolved": "2.1.89",
        "contentHash": "1VjFE664wnxvuhlgP8kS4PeFFF4jqD3VkbIHW6Zlc52zuibgcz5ICnIHcQXlTp6pURpPNGLV0ZpNe5x9KePJnA=="
      },
      "MailKit": {
        "type": "CentralTransitive",
        "requested": "[4.18.1, )",
        "resolved": "4.18.1",
        "contentHash": "EssBsnKHvIcH1QpqqsVUEWAlAHI3dkGXJpKAzSNJ8PGjClNynSo9bRkT68jVZkxhREm0Z51Dwu3127f4WfIiRg==",
        "dependencies": {
          "MimeKit": "4.18.1"
        }
      },
      "MySqlConnector": {
        "type": "CentralTransitive",
        "requested": "[2.6.2, )",
        "resolved": "2.6.2",
        "contentHash": "dlTc/tsBa42szdvpj4nrHvQVUb0gsMwR9HT6J0Zz2OSqfP0CdYlGw+qQPqCpbnO97idfvclSjKYtM6y5QaBQaQ==",
        "dependencies": {
          "Microsoft.Extensions.DependencyInjection.Abstractions": "8.0.2",
          "Microsoft.Extensions.Logging.Abstractions": "8.0.2"
        }
      }
    }
  }
}